
Microsoft Visual Studio Solution File, Format Version 12.00
# Visual Studio Version 16
VisualStudioVersion = 16.0.30002.166
MinimumVisualStudioVersion = 10.0.40219.1
Project("{FAE04EC0-301F-11D3-BF4B-00C04F79EFBC}") = "project", "project\project.csproj", "{871FD09D-0A51-424D-AEB5-C79F94E092A3}"
EndProject
Project("{2150E333-8FDC-42A3-9474-1A3956D46DE8}") = "Solution Items", "Solution Items", "{919AEBB8-6910-40B1-9F3D-913BAF5C36F9}"
	ProjectSection(SolutionItems) = preProject
		.editorconfig = .editorconfig
	EndProjectSection
EndProject
Global
	GlobalSection(SolutionConfigurationPlatforms) = preSolution
		Debug|Any CPU = Debug|Any CPU
		Release|Any CPU = Release|Any CPU
	EndGlobalSection
	GlobalSection(ProjectConfigurationPlatforms) = postSolution
		{871FD09D-0A51-424D-AEB5-C79F94E092A3}.Debug|Any CPU.ActiveCfg = Debug|Any CPU
		{871FD09D-0A51-424D-AEB5-C79F94E092A3}.Debug|Any CPU.Build.0 = Debug|Any CPU
		{871FD09D-0A51-424D-AEB5-C79F94E092A3}.Release|Any CPU.ActiveCfg = Release|Any CPU
		{871FD09D-0A51-424D-AEB5-C79F94E092A3}.Release|Any CPU.Build.0 = Release|Any CPU
	EndGlobalSection
	GlobalSection(SolutionProperties) = preSolution
		HideSolutionNode = FALSE
	EndGlobalSection
	GlobalSection(ExtensibilityGlobals) = postSolution
		SolutionGuid = {832A2247-F987-49C7-81F9-E9C3A4D5D62D}
	EndGlobalSection
EndGlobal
